
Microsoft Visual Studio Solution File, Format Version 12.00
Project("{FAE04EC0-301F-11D3-BF4B-00C04F79EFBC}") = "CarAuctionSystem", "CarAuctionSystem\CarAuctionSystem.csproj", "{A82A565C-8980-4285-9FF4-23CD9D60B52F}"
EndProject
Project("{FAE04EC0-301F-11D3-BF4B-00C04F79EFBC}") = "CarAuctionManagementSystem.Tests", "CarAuctionManagementSystem.Tests\CarAuctionManagementSystem.Tests.csproj", "{840ABC9A-993E-4F47-9DB8-C9A2F90BBF65}"
EndProject
Global
	GlobalSection(SolutionConfigurationPlatforms) = preSolution
		Debug|Any CPU = Debug|Any CPU
		Release|Any CPU = Release|Any CPU
	EndGlobalSection
	GlobalSection(ProjectConfigurationPlatforms) = postSolution
		{A82A565C-8980-4285-9FF4-23CD9D60B52F}.Debug|Any CPU.ActiveCfg = Debug|Any CPU
		{A82A565C-8980-4285-9FF4-23CD9D60B52F}.Debug|Any CPU.Build.0 = Debug|Any CPU
		{A82A565C-8980-4285-9FF4-23CD9D60B52F}.Release|Any CPU.ActiveCfg = Release|Any CPU
		{A82A565C-8980-4285-9FF4-23CD9D60B52F}.Release|Any CPU.Build.0 = Release|Any CPU
		{840ABC9A-993E-4F47-9DB8-C9A2F90BBF65}.Debug|Any CPU.ActiveCfg = Debug|Any CPU
		{840ABC9A-993E-4F47-9DB8-C9A2F90BBF65}.Debug|Any CPU.Build.0 = Debug|Any CPU
		{840ABC9A-993E-4F47-9DB8-C9A2F90BBF65}.Release|Any CPU.ActiveCfg = Release|Any CPU
		{840ABC9A-993E-4F47-9DB8-C9A2F90BBF65}.Release|Any CPU.Build.0 = Release|Any CPU
	EndGlobalSection
EndGlobal
